
Microsoft Visual Studio Solution File, Format Version 12.00
# Visual Studio Version 17
VisualStudioVersion = 17.8.34309.116
MinimumVisualStudioVersion = 10.0.40219.1
Project("{9A19103F-16F7-4668-BE54-9A1E7A4F7556}") = "PeopleItTest", "src\PeopleItTest.csproj", "{B331D264-8CC2-43BD-9F40-739E9BC8CF1F}"
EndProject
Project("{2150E333-8FDC-42A3-9474-1A3956D46DE8}") = "src", "src", "{3D66A85A-5768-4342-8A93-80024CC5E9CE}"
EndProject
Project("{2150E333-8FDC-42A3-9474-1A3956D46DE8}") = "test", "test", "{B1ECBD62-B98D-4F73-A547-B5A409386103}"
EndProject
Project("{FAE04EC0-301F-11D3-BF4B-00C04F79EFBC}") = "PeopleItTest.Test", "test\PeopleItTest.Test\PeopleItTest.Test.csproj", "{48D983BC-80C5-4084-A215-AC026CF34812}"
EndProject
Global
	GlobalSection(SolutionConfigurationPlatforms) = preSolution
		Debug|Any CPU = Debug|Any CPU
		Release|Any CPU = Release|Any CPU
	EndGlobalSection
	GlobalSection(ProjectConfigurationPlatforms) = postSolution
		{B331D264-8CC2-43BD-9F40-739E9BC8CF1F}.Debug|Any CPU.ActiveCfg = Debug|Any CPU
		{B331D264-8CC2-43BD-9F40-739E9BC8CF1F}.Debug|Any CPU.Build.0 = Debug|Any CPU
		{B331D264-8CC2-43BD-9F40-739E9BC8CF1F}.Release|Any CPU.ActiveCfg = Release|Any CPU
		{B331D264-8CC2-43BD-9F40-739E9BC8CF1F}.Release|Any CPU.Build.0 = Release|Any CPU
		{48D983BC-80C5-4084-A215-AC026CF34812}.Debug|Any CPU.ActiveCfg = Debug|Any CPU
		{48D983BC-80C5-4084-A215-AC026CF34812}.Debug|Any CPU.Build.0 = Debug|Any CPU
		{48D983BC-80C5-4084-A215-AC026CF34812}.Release|Any CPU.ActiveCfg = Release|Any CPU
		{48D983BC-80C5-4084-A215-AC026CF34812}.Release|Any CPU.Build.0 = Release|Any CPU
	EndGlobalSection
	GlobalSection(SolutionProperties) = preSolution
		HideSolutionNode = FALSE
	EndGlobalSection
	GlobalSection(NestedProjects) = preSolution
		{B331D264-8CC2-43BD-9F40-739E9BC8CF1F} = {3D66A85A-5768-4342-8A93-80024CC5E9CE}
		{48D983BC-80C5-4084-A215-AC026CF34812} = {B1ECBD62-B98D-4F73-A547-B5A409386103}
	EndGlobalSection
	GlobalSection(ExtensibilityGlobals) = postSolution
		SolutionGuid = {F124BFD0-E15B-496A-8495-5FED9FA60FFB}
	EndGlobalSection
EndGlobal
